
Microsoft Visual Studio Solution File, Format Version 12.00
# Visual Studio Version 16
VisualStudioVersion = 16.0.29911.98
MinimumVisualStudioVersion = 10.0.40219.1
Project("{9A19103F-16F7-4668-BE54-9A1E7A4F7556}") = "Fis.Entities", "Fis.Entities\Fis.Entities.csproj", "{4D1FD980-56D2-4B49-93BB-168BFCE45C2E}"
EndProject
Project("{9A19103F-16F7-4668-BE54-9A1E7A4F7556}") = "Fis.Infrastructure", "Fis.Infrastructure\Fis.Infrastructure.csproj", "{429BD7A4-85B0-43AE-B0DD-607A2CA6B195}"
EndProject
Project("{9A19103F-16F7-4668-BE54-9A1E7A4F7556}") = "Fis.Manager", "Fis.Manager\Fis.Manager.csproj", "{E55EBC6F-ECD2-43A9-AFCC-600AA64E3DB4}"
EndProject
Project("{9A19103F-16F7-4668-BE54-9A1E7A4F7556}") = "Fis.Repository", "Fis.Repository\Fis.Repository.csproj", "{82E3D566-CF04-46EF-B4C4-EA122483D652}"
EndProject
Project("{9A19103F-16F7-4668-BE54-9A1E7A4F7556}") = "Fis.WebApi", "Fis.WebApi\Fis.WebApi.csproj", "{298517EE-B4B7-4D8F-AD27-0094197AB457}"
EndProject
Project("{9A19103F-16F7-4668-BE54-9A1E7A4F7556}") = "Fis.Ui", "Fis.Ui\Fis.Ui.csproj", "{5939DF60-21B7-447D-A3B7-6C67F3DF350B}"
EndProject
Project("{FAE04EC0-301F-11D3-BF4B-00C04F79EFBC}") = "Fis.Services", "Fis.Services\Fis.Services.csproj", "{742F21CC-10F6-42A5-9D65-ECE609485C15}"
EndProject
Global
	GlobalSection(SolutionConfigurationPlatforms) = preSolution
		Debug|Any CPU = Debug|Any CPU
		Release|Any CPU = Release|Any CPU
	EndGlobalSection
	GlobalSection(ProjectConfigurationPlatforms) = postSolution
		{4D1FD980-56D2-4B49-93BB-168BFCE45C2E}.Debug|Any CPU.ActiveCfg = Debug|Any CPU
		{4D1FD980-56D2-4B49-93BB-168BFCE45C2E}.Debug|Any CPU.Build.0 = Debug|Any CPU
		{4D1FD980-56D2-4B49-93BB-168BFCE45C2E}.Release|Any CPU.ActiveCfg = Release|Any CPU
		{4D1FD980-56D2-4B49-93BB-168BFCE45C2E}.Release|Any CPU.Build.0 = Release|Any CPU
		{429BD7A4-85B0-43AE-B0DD-607A2CA6B195}.Debug|Any CPU.ActiveCfg = Debug|Any CPU
		{429BD7A4-85B0-43AE-B0DD-607A2CA6B195}.Debug|Any CPU.Build.0 = Debug|Any CPU
		{429BD7A4-85B0-43AE-B0DD-607A2CA6B195}.Release|Any CPU.ActiveCfg = Release|Any CPU
		{429BD7A4-85B0-43AE-B0DD-607A2CA6B195}.Release|Any CPU.Build.0 = Release|Any CPU
		{E55EBC6F-ECD2-43A9-AFCC-600AA64E3DB4}.Debug|Any CPU.ActiveCfg = Debug|Any CPU
		{E55EBC6F-ECD2-43A9-AFCC-600AA64E3DB4}.Debug|Any CPU.Build.0 = Debug|Any CPU
		{E55EBC6F-ECD2-43A9-AFCC-600AA64E3DB4}.Release|Any CPU.ActiveCfg = Release|Any CPU
		{E55EBC6F-ECD2-43A9-AFCC-600AA64E3DB4}.Release|Any CPU.Build.0 = Release|Any CPU
		{82E3D566-CF04-46EF-B4C4-EA122483D652}.Debug|Any CPU.ActiveCfg = Debug|Any CPU
		{82E3D566-CF04-46EF-B4C4-EA122483D652}.Debug|Any CPU.Build.0 = Debug|Any CPU
		{82E3D566-CF04-46EF-B4C4-EA122483D652}.Release|Any CPU.ActiveCfg = Release|Any CPU
		{82E3D566-CF04-46EF-B4C4-EA122483D652}.Release|Any CPU.Build.0 = Release|Any CPU
		{298517EE-B4B7-4D8F-AD27-0094197AB457}.Debug|Any CPU.ActiveCfg = Debug|Any CPU
		{298517EE-B4B7-4D8F-AD27-0094197AB457}.Debug|Any CPU.Build.0 = Debug|Any CPU
		{298517EE-B4B7-4D8F-AD27-0094197AB457}.Release|Any CPU.ActiveCfg = Release|Any CPU
		{298517EE-B4B7-4D8F-AD27-0094197AB457}.Release|Any CPU.Build.0 = Release|Any CPU
		{5939DF60-21B7-447D-A3B7-6C67F3DF350B}.Debug|Any CPU.ActiveCfg = Debug|Any CPU
		{5939DF60-21B7-447D-A3B7-6C67F3DF350B}.Debug|Any CPU.Build.0 = Debug|Any CPU
		{5939DF60-21B7-447D-A3B7-6C67F3DF350B}.Release|Any CPU.ActiveCfg = Release|Any CPU
		{5939DF60-21B7-447D-A3B7-6C67F3DF350B}.Release|Any CPU.Build.0 = Release|Any CPU
		{742F21CC-10F6-42A5-9D65-ECE609485C15}.Debug|Any CPU.ActiveCfg = Debug|Any CPU
		{742F21CC-10F6-42A5-9D65-ECE609485C15}.Debug|Any CPU.Build.0 = Debug|Any CPU
		{742F21CC-10F6-42A5-9D65-ECE609485C15}.Release|Any CPU.ActiveCfg = Release|Any CPU
		{742F21CC-10F6-42A5-9D65-ECE609485C15}.Release|Any CPU.Build.0 = Release|Any CPU
	EndGlobalSection
	GlobalSection(SolutionProperties) = preSolution
		HideSolutionNode = FALSE
	EndGlobalSection
	GlobalSection(ExtensibilityGlobals) = postSolution
		SolutionGuid = {EDCF6221-2E78-4F54-8CB6-1C0891A10A02}
	EndGlobalSection
EndGlobal
